{
  "version": 4,
  "terraform_version": "1.4.6",
  "serial": 4,
  "lineage": "d18365de-4b20-8add-7921-7594d4f5935b",
  "outputs": {},
  "resources": [
    {
      "mode": "managed",
      "type": "azurerm_resource_group",
      "name": "myrg",
      "provider": "provider[\"registry.terraform.io/hashicorp/azurerm\"]",
      "instances": [
        {
          "index_key": "dc1apps",
          "schema_version": 0,
          "attributes": {
            "id": "/subscriptions/203f018b-3c4c-4749-af77-bccc924e8d77/resourceGroups/dc1apps-rg",
            "location": "eastus",
            "managed_by": "",
            "name": "dc1apps-rg",
            "tags": null,
            "timeouts": null
          },
          "sensitive_attributes": [],
          "private": "eyJlMmJmYjczMC1lY2FhLTExZTYtOGY4OC0zNDM2M2JjN2M0YzAiOnsiY3JlYXRlIjo1NDAwMDAwMDAwMDAwLCJkZWxldGUiOjU0MDAwMDAwMDAwMDAsInJlYWQiOjMwMDAwMDAwMDAwMCwidXBkYXRlIjo1NDAwMDAwMDAwMDAwfX0="
        },
        {
          "index_key": "dc2apps",
          "schema_version": 0,
          "attributes": {
            "id": "/subscriptions/203f018b-3c4c-4749-af77-bccc924e8d77/resourceGroups/dc2apps-rg",
            "location": "eastus2",
            "managed_by": "",
            "name": "dc2apps-rg",
            "tags": null,
            "timeouts": null
          },
          "sensitive_attributes": [],
          "private": "eyJlMmJmYjczMC1lY2FhLTExZTYtOGY4OC0zNDM2M2JjN2M0YzAiOnsiY3JlYXRlIjo1NDAwMDAwMDAwMDAwLCJkZWxldGUiOjU0MDAwMDAwMDAwMDAsInJlYWQiOjMwMDAwMDAwMDAwMCwidXBkYXRlIjo1NDAwMDAwMDAwMDAwfX0="
        },
        {
          "index_key": "dc3apps",
          "schema_version": 0,
          "attributes": {
            "id": "/subscriptions/203f018b-3c4c-4749-af77-bccc924e8d77/resourceGroups/dc3apps-rg",
            "location": "westus",
            "managed_by": "",
            "name": "dc3apps-rg",
            "tags": null,
            "timeouts": null
          },
          "sensitive_attributes": [],
          "private": "eyJlMmJmYjczMC1lY2FhLTExZTYtOGY4OC0zNDM2M2JjN2M0YzAiOnsiY3JlYXRlIjo1NDAwMDAwMDAwMDAwLCJkZWxldGUiOjU0MDAwMDAwMDAwMDAsInJlYWQiOjMwMDAwMDAwMDAwMCwidXBkYXRlIjo1NDAwMDAwMDAwMDAwfX0="
        }
      ]
    }
  ],
  "check_results": null
}
