{
  "version": 4,
  "terraform_version": "1.4.6",
  "serial": 8,
  "lineage": "1c5e70f1-0840-501a-805e-cc936d9f8ffa",
  "outputs": {},
  "resources": [
    {
      "mode": "managed",
      "type": "azurerm_linux_virtual_machine",
      "name": "mylinuxvm",
      "provider": "provider[\"registry.terraform.io/hashicorp/azurerm\"]",
      "instances": [
        {
          "schema_version": 0,
          "attributes": {
            "additional_capabilities": [],
            "admin_password": null,
            "admin_ssh_key": [
              {
                "public_key": "ssh-rsa AAAAB3NzaC1yc2EAAAADAQABAAACAQCxA6mEMrD7t6WV9VkWDiNLLtfJo9Fjiq9BQ0QSST1lfz6khwr7ALrjddDSVELMqtDsey7otyz+GvsXYN5Pw2/aR50ym5ft7Plz7f2YmTEzhSBa5nAnin1HnGFQwiYsYF25qdUsNDvkLrkWs8Nn2n7wGT8hmrRK+NROWNb4Jl7fqdiHdmd2xbWQNMIZ3D6rjFF2rVpmTHaK7w6P1ZwWRdjH+6rcFOdS1O76zctpoVPcZ3731FxHnsBwUEucAbVdT9oKefwCsgsF8IUeKMAdHexkpB6OO/7DU4sy22yByrHBsv+e2KBAFSRNwom4Fa+kpy3iMlMklysJDtAF9Ob6EqDXuKEyFdis8rbND1byN4H/kKw9nDsLqIW3KjoUf/hBHafLbElKSsq8kRZKTHPhzVIHKfOJhX2lsOW2s2X/RnNrb1cDTqZQanqNIk/umnJZR8hG87CbxOyni04xFp89OqbRl7Pnm7+efqGVYA5wLk7EnwHnj9uI+Yxz2HyBW7Y645pNt8WuwiEabcyHe+ht40Sx8XVAayCoaA6RhZjMGP4xykBf3i7Is9VlrwgjcrYbrwJo5aF/4x7pP+6SgNKnAi39JGL1kzEHVu5FJiHxJqd8/fYNlKz+I9/e+b1IZgQchelsUPG8SYtU7/6wi70xw4fvaEkwFYRDaF1SowqDBggnFw== azureuser@myserver\r\n",
                "username": "azureuser"
              }
            ],
            "admin_username": "azureuser",
            "allow_extension_operations": true,
            "availability_set_id": "",
            "boot_diagnostics": [],
            "capacity_reservation_group_id": "",
            "computer_name": "devlinux-vm1",
            "custom_data": "I2Nsb3VkLWNvbmZpZw0KcGFja2FnZV91cGdyYWRlOiBmYWxzZQ0KcGFja2FnZXM6DQogIC0gaHR0cGQNCndyaXRlX2ZpbGVzOg0KICAtIG93bmVyOiByb290OnJvb3QgDQogICAgcGF0aDogL3Zhci93d3cvaHRtbC9pbmRleC5odG1sDQogICAgY29udGVudDogfA0KICAgICAgPGgxPldlbGNvbWUgdG8gU3RhY2tTaW1wbGlmeSAtIEFQUC0xPC9oMT4NCiAgLSBvd25lcjogcm9vdDpyb290IA0KICAgIHBhdGg6IC92YXIvd3d3L2h0bWwvYXBwMS9pbmRleC5odG1sDQogICAgY29udGVudDogfA0KICAgICAgPCFET0NUWVBFIGh0bWw+IDxodG1sPiA8Ym9keSBzdHlsZT0iYmFja2dyb3VuZC1jb2xvcjpyZ2IoMjUwLCAyMTAsIDIxMCk7Ij4gPGgxPldlbGNvbWUgdG8gQW5pbCAtIEFQUC0xPC9oMT4gPHA+VGVycmFmb3JtIERlbW88L3A+IDxwPkFwcGxpY2F0aW9uIFZlcnNpb246IFYxPC9wPiA8L2JvZHk+PC9odG1sPiAgICAgIA0KcnVuY21kOg0KICAtIHN1ZG8gc3lzdGVtY3RsIHN0YXJ0IGh0dHBkICANCiAgLSBzdWRvIHN5c3RlbWN0bCBlbmFibGUgaHR0cGQNCiAgLSBzdWRvIHN5c3RlbWN0bCBzdG9wIGZpcmV3YWxsZA0KICAtIHN1ZG8gbWtkaXIgL3Zhci93d3cvaHRtbC9hcHAxIA0KICAtIFtzdWRvLCBjdXJsLCAtSCwgIk1ldGFkYXRhOnRydWUiLCAtLW5vcHJveHksICIqIiwgImh0dHA6Ly8xNjkuMjU0LjE2OS4yNTQvbWV0YWRhdGEvaW5zdGFuY2U/YXBpLXZlcnNpb249MjAyMC0wOS0wMSIsIC1vLCAvdmFyL3d3dy9odG1sL2FwcDEvbWV0YWRhdGEuaHRtbF0NCg0K",
            "dedicated_host_group_id": "",
            "dedicated_host_id": "",
            "disable_password_authentication": true,
            "edge_zone": "",
            "encryption_at_host_enabled": false,
            "eviction_policy": "",
            "extensions_time_budget": "PT1H30M",
            "gallery_application": [],
            "id": "/subscriptions/203f018b-3c4c-4749-af77-bccc924e8d77/resourceGroups/myrg-1/providers/Microsoft.Compute/virtualMachines/mylinuxvm-1",
            "identity": [],
            "license_type": "",
            "location": "eastus",
            "max_bid_price": -1,
            "name": "mylinuxvm-1",
            "network_interface_ids": [
              "/subscriptions/203f018b-3c4c-4749-af77-bccc924e8d77/resourceGroups/myrg-1/providers/Microsoft.Network/networkInterfaces/vmnic"
            ],
            "os_disk": [
              {
                "caching": "ReadWrite",
                "diff_disk_settings": [],
                "disk_encryption_set_id": "",
                "disk_size_gb": 64,
                "name": "osdisk",
                "secure_vm_disk_encryption_set_id": "",
                "security_encryption_type": "",
                "storage_account_type": "Standard_LRS",
                "write_accelerator_enabled": false
              }
            ],
            "patch_assessment_mode": "ImageDefault",
            "patch_mode": "ImageDefault",
            "plan": [],
            "platform_fault_domain": -1,
            "priority": "Regular",
            "private_ip_address": "10.0.2.4",
            "private_ip_addresses": [
              "10.0.2.4"
            ],
            "provision_vm_agent": true,
            "proximity_placement_group_id": "",
            "public_ip_address": "74.235.218.140",
            "public_ip_addresses": [
              "74.235.218.140"
            ],
            "resource_group_name": "myrg-1",
            "secret": [],
            "secure_boot_enabled": false,
            "size": "Standard_DS1_v2",
            "source_image_id": "",
            "source_image_reference": [
              {
                "offer": "RHEL",
                "publisher": "RedHat",
                "sku": "83-gen2",
                "version": "latest"
              }
            ],
            "tags": null,
            "termination_notification": null,
            "timeouts": null,
            "user_data": "",
            "virtual_machine_id": "d83d6fbf-7d30-40b0-b4ef-4eefaa278d6c",
            "virtual_machine_scale_set_id": "",
            "vtpm_enabled": false,
            "zone": ""
          },
          "sensitive_attributes": [],
          "private": "eyJlMmJmYjczMC1lY2FhLTExZTYtOGY4OC0zNDM2M2JjN2M0YzAiOnsiY3JlYXRlIjoyNzAwMDAwMDAwMDAwLCJkZWxldGUiOjI3MDAwMDAwMDAwMDAsInJlYWQiOjMwMDAwMDAwMDAwMCwidXBkYXRlIjoyNzAwMDAwMDAwMDAwfX0=",
          "dependencies": [
            "azurerm_network_interface.myvmnic",
            "azurerm_public_ip.mypublicip",
            "azurerm_resource_group.myrg",
            "azurerm_subnet.mysubnet",
            "azurerm_virtual_network.myvnet",
            "random_string.myrandom"
          ]
        }
      ]
    },
    {
      "mode": "managed",
      "type": "azurerm_network_interface",
      "name": "myvmnic",
      "provider": "provider[\"registry.terraform.io/hashicorp/azurerm\"]",
      "instances": [
        {
          "schema_version": 0,
          "attributes": {
            "applied_dns_servers": [],
            "dns_servers": [],
            "edge_zone": "",
            "enable_accelerated_networking": false,
            "enable_ip_forwarding": false,
            "id": "/subscriptions/203f018b-3c4c-4749-af77-bccc924e8d77/resourceGroups/myrg-1/providers/Microsoft.Network/networkInterfaces/vmnic",
            "internal_dns_name_label": "",
            "internal_domain_name_suffix": "jmaapipgx0iu3lwcbzqzgxhb1e.bx.internal.cloudapp.net",
            "ip_configuration": [
              {
                "gateway_load_balancer_frontend_ip_configuration_id": "",
                "name": "internal",
                "primary": true,
                "private_ip_address": "10.0.2.4",
                "private_ip_address_allocation": "Dynamic",
                "private_ip_address_version": "IPv4",
                "public_ip_address_id": "/subscriptions/203f018b-3c4c-4749-af77-bccc924e8d77/resourceGroups/myrg-1/providers/Microsoft.Network/publicIPAddresses/mypublicip-1",
                "subnet_id": "/subscriptions/203f018b-3c4c-4749-af77-bccc924e8d77/resourceGroups/myrg-1/providers/Microsoft.Network/virtualNetworks/myvnet-1/subnets/mysubnet-1"
              }
            ],
            "location": "eastus",
            "mac_address": "",
            "name": "vmnic",
            "private_ip_address": "10.0.2.4",
            "private_ip_addresses": [
              "10.0.2.4"
            ],
            "resource_group_name": "myrg-1",
            "tags": null,
            "timeouts": null,
            "virtual_machine_id": ""
          },
          "sensitive_attributes": [],
          "private": "eyJlMmJmYjczMC1lY2FhLTExZTYtOGY4OC0zNDM2M2JjN2M0YzAiOnsiY3JlYXRlIjoxODAwMDAwMDAwMDAwLCJkZWxldGUiOjE4MDAwMDAwMDAwMDAsInJlYWQiOjMwMDAwMDAwMDAwMCwidXBkYXRlIjoxODAwMDAwMDAwMDAwfX0=",
          "dependencies": [
            "azurerm_public_ip.mypublicip",
            "azurerm_resource_group.myrg",
            "azurerm_subnet.mysubnet",
            "azurerm_virtual_network.myvnet",
            "random_string.myrandom"
          ]
        }
      ]
    },
    {
      "mode": "managed",
      "type": "azurerm_public_ip",
      "name": "mypublicip",
      "provider": "provider[\"registry.terraform.io/hashicorp/azurerm\"]",
      "instances": [
        {
          "schema_version": 0,
          "attributes": {
            "allocation_method": "Static",
            "ddos_protection_mode": "VirtualNetworkInherited",
            "ddos_protection_plan_id": null,
            "domain_name_label": "app1-vm-auezvz",
            "edge_zone": "",
            "fqdn": "app1-vm-auezvz.eastus.cloudapp.azure.com",
            "id": "/subscriptions/203f018b-3c4c-4749-af77-bccc924e8d77/resourceGroups/myrg-1/providers/Microsoft.Network/publicIPAddresses/mypublicip-1",
            "idle_timeout_in_minutes": 4,
            "ip_address": "74.235.218.140",
            "ip_tags": null,
            "ip_version": "IPv4",
            "location": "eastus",
            "name": "mypublicip-1",
            "public_ip_prefix_id": null,
            "resource_group_name": "myrg-1",
            "reverse_fqdn": "",
            "sku": "Basic",
            "sku_tier": "Regional",
            "tags": {
              "environment": "Dev"
            },
            "timeouts": null,
            "zones": null
          },
          "sensitive_attributes": [],
          "private": "eyJlMmJmYjczMC1lY2FhLTExZTYtOGY4OC0zNDM2M2JjN2M0YzAiOnsiY3JlYXRlIjoxODAwMDAwMDAwMDAwLCJkZWxldGUiOjE4MDAwMDAwMDAwMDAsInJlYWQiOjMwMDAwMDAwMDAwMCwidXBkYXRlIjoxODAwMDAwMDAwMDAwfX0=",
          "dependencies": [
            "azurerm_resource_group.myrg",
            "random_string.myrandom"
          ]
        }
      ]
    },
    {
      "mode": "managed",
      "type": "azurerm_resource_group",
      "name": "myrg",
      "provider": "provider[\"registry.terraform.io/hashicorp/azurerm\"]",
      "instances": [
        {
          "schema_version": 0,
          "attributes": {
            "id": "/subscriptions/203f018b-3c4c-4749-af77-bccc924e8d77/resourceGroups/myrg-1",
            "location": "eastus",
            "name": "myrg-1",
            "tags": null,
            "timeouts": null
          },
          "sensitive_attributes": [],
          "private": "eyJlMmJmYjczMC1lY2FhLTExZTYtOGY4OC0zNDM2M2JjN2M0YzAiOnsiY3JlYXRlIjo1NDAwMDAwMDAwMDAwLCJkZWxldGUiOjU0MDAwMDAwMDAwMDAsInJlYWQiOjMwMDAwMDAwMDAwMCwidXBkYXRlIjo1NDAwMDAwMDAwMDAwfX0="
        }
      ]
    },
    {
      "mode": "managed",
      "type": "azurerm_subnet",
      "name": "mysubnet",
      "provider": "provider[\"registry.terraform.io/hashicorp/azurerm\"]",
      "instances": [
        {
          "schema_version": 0,
          "attributes": {
            "address_prefixes": [
              "10.0.2.0/24"
            ],
            "delegation": [],
            "enforce_private_link_endpoint_network_policies": false,
            "enforce_private_link_service_network_policies": false,
            "id": "/subscriptions/203f018b-3c4c-4749-af77-bccc924e8d77/resourceGroups/myrg-1/providers/Microsoft.Network/virtualNetworks/myvnet-1/subnets/mysubnet-1",
            "name": "mysubnet-1",
            "private_endpoint_network_policies_enabled": true,
            "private_link_service_network_policies_enabled": true,
            "resource_group_name": "myrg-1",
            "service_endpoint_policy_ids": null,
            "service_endpoints": null,
            "timeouts": null,
            "virtual_network_name": "myvnet-1"
          },
          "sensitive_attributes": [],
          "private": "eyJlMmJmYjczMC1lY2FhLTExZTYtOGY4OC0zNDM2M2JjN2M0YzAiOnsiY3JlYXRlIjoxODAwMDAwMDAwMDAwLCJkZWxldGUiOjE4MDAwMDAwMDAwMDAsInJlYWQiOjMwMDAwMDAwMDAwMCwidXBkYXRlIjoxODAwMDAwMDAwMDAwfX0=",
          "dependencies": [
            "azurerm_resource_group.myrg",
            "azurerm_virtual_network.myvnet"
          ]
        }
      ]
    },
    {
      "mode": "managed",
      "type": "azurerm_virtual_network",
      "name": "myvnet",
      "provider": "provider[\"registry.terraform.io/hashicorp/azurerm\"]",
      "instances": [
        {
          "schema_version": 0,
          "attributes": {
            "address_space": [
              "10.0.0.0/16"
            ],
            "bgp_community": "",
            "ddos_protection_plan": [],
            "dns_servers": [],
            "edge_zone": "",
            "flow_timeout_in_minutes": 0,
            "guid": "a107004b-bee6-4e91-aec2-0e61935ce1dc",
            "id": "/subscriptions/203f018b-3c4c-4749-af77-bccc924e8d77/resourceGroups/myrg-1/providers/Microsoft.Network/virtualNetworks/myvnet-1",
            "location": "eastus",
            "name": "myvnet-1",
            "resource_group_name": "myrg-1",
            "subnet": [],
            "tags": null,
            "timeouts": null
          },
          "sensitive_attributes": [],
          "private": "eyJlMmJmYjczMC1lY2FhLTExZTYtOGY4OC0zNDM2M2JjN2M0YzAiOnsiY3JlYXRlIjoxODAwMDAwMDAwMDAwLCJkZWxldGUiOjE4MDAwMDAwMDAwMDAsInJlYWQiOjMwMDAwMDAwMDAwMCwidXBkYXRlIjoxODAwMDAwMDAwMDAwfX0=",
          "dependencies": [
            "azurerm_resource_group.myrg"
          ]
        }
      ]
    },
    {
      "mode": "managed",
      "type": "random_string",
      "name": "myrandom",
      "provider": "provider[\"registry.terraform.io/hashicorp/random\"]",
      "instances": [
        {
          "schema_version": 2,
          "attributes": {
            "id": "auezvz",
            "keepers": null,
            "length": 6,
            "lower": true,
            "min_lower": 0,
            "min_numeric": 0,
            "min_special": 0,
            "min_upper": 0,
            "number": false,
            "numeric": false,
            "override_special": null,
            "result": "auezvz",
            "special": false,
            "upper": false
          },
          "sensitive_attributes": []
        }
      ]
    }
  ],
  "check_results": null
}
